
Microsoft Visual Studio Solution File, Format Version 12.00
# Visual Studio 15
VisualStudioVersion = 15.0.28010.2041
MinimumVisualStudioVersion = 10.0.40219.1
Project("{8BC9CEB8-8B4A-11D0-8D11-00A0C91BC942}") = "Как рандомить массив в одну строчку", "Как рандомить массив в одну строчку\Как рандомить массив в одну строчку.vcxproj", "{1788A3E6-56DA-4575-AC9E-2E99DC186DB9}"
EndProject
Global
	GlobalSection(SolutionConfigurationPlatforms) = preSolution
		Debug|x64 = Debug|x64
		Debug|x86 = Debug|x86
		Release|x64 = Release|x64
		Release|x86 = Release|x86
	EndGlobalSection
	GlobalSection(ProjectConfigurationPlatforms) = postSolution
		{1788A3E6-56DA-4575-AC9E-2E99DC186DB9}.Debug|x64.ActiveCfg = Debug|x64
		{1788A3E6-56DA-4575-AC9E-2E99DC186DB9}.Debug|x64.Build.0 = Debug|x64
		{1788A3E6-56DA-4575-AC9E-2E99DC186DB9}.Debug|x86.ActiveCfg = Debug|Win32
		{1788A3E6-56DA-4575-AC9E-2E99DC186DB9}.Debug|x86.Build.0 = Debug|Win32
		{1788A3E6-56DA-4575-AC9E-2E99DC186DB9}.Release|x64.ActiveCfg = Release|x64
		{1788A3E6-56DA-4575-AC9E-2E99DC186DB9}.Release|x64.Build.0 = Release|x64
		{1788A3E6-56DA-4575-AC9E-2E99DC186DB9}.Release|x86.ActiveCfg = Release|Win32
		{1788A3E6-56DA-4575-AC9E-2E99DC186DB9}.Release|x86.Build.0 = Release|Win32
	EndGlobalSection
	GlobalSection(SolutionProperties) = preSolution
		HideSolutionNode = FALSE
	EndGlobalSection
	GlobalSection(ExtensibilityGlobals) = postSolution
		SolutionGuid = {AEC68709-303D-40B5-A0F4-7F342B7A706F}
	EndGlobalSection
EndGlobal
