
Microsoft Visual Studio Solution File, Format Version 12.00
# Visual Studio 15
VisualStudioVersion = 15.0.28010.2041
MinimumVisualStudioVersion = 10.0.40219.1
Project("{8BC9CEB8-8B4A-11D0-8D11-00A0C91BC942}") = "kvadrat", "kvadrat\kvadrat.vcxproj", "{39DFA270-18F9-4D95-A77F-E4F63EA70C13}"
EndProject
Global
	GlobalSection(SolutionConfigurationPlatforms) = preSolution
		Debug|x64 = Debug|x64
		Debug|x86 = Debug|x86
		Release|x64 = Release|x64
		Release|x86 = Release|x86
	EndGlobalSection
	GlobalSection(ProjectConfigurationPlatforms) = postSolution
		{39DFA270-18F9-4D95-A77F-E4F63EA70C13}.Debug|x64.ActiveCfg = Debug|x64
		{39DFA270-18F9-4D95-A77F-E4F63EA70C13}.Debug|x64.Build.0 = Debug|x64
		{39DFA270-18F9-4D95-A77F-E4F63EA70C13}.Debug|x86.ActiveCfg = Debug|Win32
		{39DFA270-18F9-4D95-A77F-E4F63EA70C13}.Debug|x86.Build.0 = Debug|Win32
		{39DFA270-18F9-4D95-A77F-E4F63EA70C13}.Release|x64.ActiveCfg = Release|x64
		{39DFA270-18F9-4D95-A77F-E4F63EA70C13}.Release|x64.Build.0 = Release|x64
		{39DFA270-18F9-4D95-A77F-E4F63EA70C13}.Release|x86.ActiveCfg = Release|Win32
		{39DFA270-18F9-4D95-A77F-E4F63EA70C13}.Release|x86.Build.0 = Release|Win32
	EndGlobalSection
	GlobalSection(SolutionProperties) = preSolution
		HideSolutionNode = FALSE
	EndGlobalSection
	GlobalSection(ExtensibilityGlobals) = postSolution
		SolutionGuid = {D78F1B0E-C75A-48F7-9098-5C9F8D5091D3}
	EndGlobalSection
EndGlobal
